
Microsoft Visual Studio Solution File, Format Version 12.00
# Visual Studio Version 17
VisualStudioVersion = 17.14.36414.22 d17.14
MinimumVisualStudioVersion = 10.0.40219.1
Project("{FAE04EC0-301F-11D3-BF4B-00C04F79EFBC}") = "Qwiz", "Qwiz\Qwiz.csproj", "{B71345F8-73B2-442C-8001-504E666F3483}"
EndProject
Project("{FAE04EC0-301F-11D3-BF4B-00C04F79EFBC}") = "DataAccess", "DataAccess\DataAccess.csproj", "{60C503EF-C03B-4A6D-B680-08A755FDF94D}"
EndProject
Project("{FAE04EC0-301F-11D3-BF4B-00C04F79EFBC}") = "Domain", "Domain\Domain.csproj", "{8F54B982-9339-4F73-B8CE-75A0B79872C3}"
EndProject
Project("{FAE04EC0-301F-11D3-BF4B-00C04F79EFBC}") = "BusinessLogic", "BusinessLogic\BusinessLogic.csproj", "{769E70F2-1B74-4750-BA85-CF4D99A80C10}"
EndProject
Global
	GlobalSection(SolutionConfigurationPlatforms) = preSolution
		Debug|Any CPU = Debug|Any CPU
		Release|Any CPU = Release|Any CPU
	EndGlobalSection
	GlobalSection(ProjectConfigurationPlatforms) = postSolution
		{B71345F8-73B2-442C-8001-504E666F3483}.Debug|Any CPU.ActiveCfg = Debug|Any CPU
		{B71345F8-73B2-442C-8001-504E666F3483}.Debug|Any CPU.Build.0 = Debug|Any CPU
		{B71345F8-73B2-442C-8001-504E666F3483}.Release|Any CPU.ActiveCfg = Release|Any CPU
		{B71345F8-73B2-442C-8001-504E666F3483}.Release|Any CPU.Build.0 = Release|Any CPU
		{60C503EF-C03B-4A6D-B680-08A755FDF94D}.Debug|Any CPU.ActiveCfg = Debug|Any CPU
		{60C503EF-C03B-4A6D-B680-08A755FDF94D}.Debug|Any CPU.Build.0 = Debug|Any CPU
		{60C503EF-C03B-4A6D-B680-08A755FDF94D}.Release|Any CPU.ActiveCfg = Release|Any CPU
		{60C503EF-C03B-4A6D-B680-08A755FDF94D}.Release|Any CPU.Build.0 = Release|Any CPU
		{8F54B982-9339-4F73-B8CE-75A0B79872C3}.Debug|Any CPU.ActiveCfg = Debug|Any CPU
		{8F54B982-9339-4F73-B8CE-75A0B79872C3}.Debug|Any CPU.Build.0 = Debug|Any CPU
		{8F54B982-9339-4F73-B8CE-75A0B79872C3}.Release|Any CPU.ActiveCfg = Release|Any CPU
		{8F54B982-9339-4F73-B8CE-75A0B79872C3}.Release|Any CPU.Build.0 = Release|Any CPU
		{769E70F2-1B74-4750-BA85-CF4D99A80C10}.Debug|Any CPU.ActiveCfg = Debug|Any CPU
		{769E70F2-1B74-4750-BA85-CF4D99A80C10}.Debug|Any CPU.Build.0 = Debug|Any CPU
		{769E70F2-1B74-4750-BA85-CF4D99A80C10}.Release|Any CPU.ActiveCfg = Release|Any CPU
		{769E70F2-1B74-4750-BA85-CF4D99A80C10}.Release|Any CPU.Build.0 = Release|Any CPU
	EndGlobalSection
	GlobalSection(SolutionProperties) = preSolution
		HideSolutionNode = FALSE
	EndGlobalSection
	GlobalSection(ExtensibilityGlobals) = postSolution
		SolutionGuid = {85B69F59-BADF-4ED2-A878-6ADF863D50B7}
	EndGlobalSection
EndGlobal
